// !$*UTF8*$!
{
	archiveVersion = 1;
	classes = {
	};
	objectVersion = 50;
	objects = {

/* Begin PBXBuildFile section */
		C7482BFC218AC67900657F8E /* AppDelegate.swift in Sources */ = {isa = PBXBuildFile; fileRef = C7482BFB218AC67900657F8E /* AppDelegate.swift */; };
		C7482BFE218AC67900657F8E /* ViewController.swift in Sources */ = {isa = PBXBuildFile; fileRef = C7482BFD218AC67900657F8E /* ViewController.swift */; };
		C7482C01218AC67900657F8E /* Main.storyboard in Resources */ = {isa = PBXBuildFile; fileRef = C7482BFF218AC67900657F8E /* Main.storyboard */; };
		C7482C03218AC67A00657F8E /* Assets.xcassets in Resources */ = {isa = PBXBuildFile; fileRef = C7482C02218AC67A00657F8E /* Assets.xcassets */; };
		C7482C06218AC67A00657F8E /* LaunchScreen.storyboard in Resources */ = {isa = PBXBuildFile; fileRef = C7482C04218AC67A00657F8E /* LaunchScreen.storyboard */; };
		C7482C14218AC6C600657F8E /* KeyboardViewController.swift in Sources */ = {isa = PBXBuildFile; fileRef = C7482C13218AC6C600657F8E /* KeyboardViewController.swift */; };
		C7482C18218AC6C600657F8E /* Giffy Keyboard.appex in Embed App Extensions */ = {isa = PBXBuildFile; fileRef = C7482C11218AC6C600657F8E /* Giffy Keyboard.appex */; settings = {ATTRIBUTES = (RemoveHeadersOnCopy, ); }; };
		C7D0E4D1218ACA7000708C2C /* KeyboardView.xib in Resources */ = {isa = PBXBuildFile; fileRef = C7D0E4D0218ACA7000708C2C /* KeyboardView.xib */; };
/* End PBXBuildFile section */

/* Begin PBXContainerItemProxy section */
		C7482C16218AC6C600657F8E /* PBXContainerItemProxy */ = {
			isa = PBXContainerItemProxy;
			containerPortal = C7482BF0218AC67900657F8E /* Project object */;
			proxyType = 1;
			remoteGlobalIDString = C7482C10218AC6C600657F8E;
			remoteInfo = "Giffy Keyboard";
		};
/* End PBXContainerItemProxy section */

/* Begin PBXCopyFilesBuildPhase section */
		C7482C1C218AC6C700657F8E /* Embed App Extensions */ = {
			isa = PBXCopyFilesBuildPhase;
			buildActionMask = 2147483647;
			dstPath = "";
			dstSubfolderSpec = 13;
			files = (
				C7482C18218AC6C600657F8E /* Giffy Keyboard.appex in Embed App Extensions */,
			);
			name = "Embed App Extensions";
			runOnlyForDeploymentPostprocessing = 0;
		};
/* End PBXCopyFilesBuildPhase section */

/* Begin PBXFileReference section */
		C7482BF8218AC67900657F8E /* CustomKeyboard.app */ = {isa = PBXFileReference; explicitFileType = wrapper.application; includeInIndex = 0; path = CustomKeyboard.app; sourceTree = BUILT_PRODUCTS_DIR; };
		C7482BFB218AC67900657F8E /* AppDelegate.swift */ = {isa = PBXFileReference; lastKnownFileType = sourcecode.swift; path = AppDelegate.swift; sourceTree = "<group>"; };
		C7482BFD218AC67900657F8E /* ViewController.swift */ = {isa = PBXFileReference; lastKnownFileType = sourcecode.swift; path = ViewController.swift; sourceTree = "<group>"; };
		C7482C00218AC67900657F8E /* Base */ = {isa = PBXFileReference; lastKnownFileType = file.storyboard; name = Base; path = Base.lproj/Main.storyboard; sourceTree = "<group>"; };
		C7482C02218AC67A00657F8E /* Assets.xcassets */ = {isa = PBXFileReference; lastKnownFileType = folder.assetcatalog; path = Assets.xcassets; sourceTree = "<group>"; };
		C7482C05218AC67A00657F8E /* Base */ = {isa = PBXFileReference; lastKnownFileType = file.storyboard; name = Base; path = Base.lproj/LaunchScreen.storyboard; sourceTree = "<group>"; };
		C7482C07218AC67A00657F8E /* Info.plist */ = {isa = PBXFileReference; lastKnownFileType = text.plist.xml; path = Info.plist; sourceTree = "<group>"; };
		C7482C11218AC6C600657F8E /* Giffy Keyboard.appex */ = {isa = PBXFileReference; explicitFileType = "wrapper.app-extension"; includeInIndex = 0; path = "Giffy Keyboard.appex"; sourceTree = BUILT_PRODUCTS_DIR; };
		C7482C13218AC6C600657F8E /* KeyboardViewController.swift */ = {isa = PBXFileReference; lastKnownFileType = sourcecode.swift; path = KeyboardViewController.swift; sourceTree = "<group>"; };
		C7482C15218AC6C600657F8E /* Info.plist */ = {isa = PBXFileReference; lastKnownFileType = text.plist.xml; path = Info.plist; sourceTree = "<group>"; };
		C7D0E4D0218ACA7000708C2C /* KeyboardView.xib */ = {isa = PBXFileReference; lastKnownFileType = file.xib; path = KeyboardView.xib; sourceTree = "<group>"; };
/* End PBXFileReference section */

/* Begin PBXFrameworksBuildPhase section */
		C7482BF5218AC67900657F8E /* Frameworks */ = {
			isa = PBXFrameworksBuildPhase;
			buildActionMask = 2147483647;
			files = (
			);
			runOnlyForDeploymentPostprocessing = 0;
		};
		C7482C0E218AC6C600657F8E /* Frameworks */ = {
			isa = PBXFrameworksBuildPhase;
			buildActionMask = 2147483647;
			files = (
			);
			runOnlyForDeploymentPostprocessing = 0;
		};
/* End PBXFrameworksBuildPhase section */

/* Begin PBXGroup section */
		C7482BEF218AC67900657F8E = {
			isa = PBXGroup;
			children = (
				C7482BFA218AC67900657F8E /* CustomKeyboard */,
				C7482C12218AC6C600657F8E /* Giffy Keyboard */,
				C7482BF9218AC67900657F8E /* Products */,
			);
			sourceTree = "<group>";
		};
		C7482BF9218AC67900657F8E /* Products */ = {
			isa = PBXGroup;
			children = (
				C7482BF8218AC67900657F8E /* CustomKeyboard.app */,
				C7482C11218AC6C600657F8E /* Giffy Keyboard.appex */,
			);
			name = Products;
			sourceTree = "<group>";
		};
		C7482BFA218AC67900657F8E /* CustomKeyboard */ = {
			isa = PBXGroup;
			children = (
				C7482BFB218AC67900657F8E /* AppDelegate.swift */,
				C7482BFD218AC67900657F8E /* ViewController.swift */,
				C7482BFF218AC67900657F8E /* Main.storyboard */,
				C7482C02218AC67A00657F8E /* Assets.xcassets */,
				C7482C04218AC67A00657F8E /* LaunchScreen.storyboard */,
				C7482C07218AC67A00657F8E /* Info.plist */,
			);
			path = CustomKeyboard;
			sourceTree = "<group>";
		};
		C7482C12218AC6C600657F8E /* Giffy Keyboard */ = {
			isa = PBXGroup;
			children = (
				C7482C13218AC6C600657F8E /* KeyboardViewController.swift */,
				C7482C15218AC6C600657F8E /* Info.plist */,
				C7D0E4D0218ACA7000708C2C /* KeyboardView.xib */,
			);
			path = "Giffy Keyboard";
			sourceTree = "<group>";
		};
/* End PBXGroup section */

/* Begin PBXNativeTarget section */
		C7482BF7218AC67900657F8E /* CustomKeyboard */ = {
			isa = PBXNativeTarget;
			buildConfigurationList = C7482C0A218AC67A00657F8E /* Build configuration list for PBXNativeTarget "CustomKeyboard" */;
			buildPhases = (
				C7482BF4218AC67900657F8E /* Sources */,
				C7482BF5218AC67900657F8E /* Frameworks */,
				C7482BF6218AC67900657F8E /* Resources */,
				C7482C1C218AC6C700657F8E /* Embed App Extensions */,
			);
			buildRules = (
			);
			dependencies = (
				C7482C17218AC6C600657F8E /* PBXTargetDependency */,
			);
			name = CustomKeyboard;
			productName = CustomKeyboard;
			productReference = C7482BF8218AC67900657F8E /* CustomKeyboard.app */;
			productType = "com.apple.product-type.application";
		};
		C7482C10218AC6C600657F8E /* Giffy Keyboard */ = {
			isa = PBXNativeTarget;
			buildConfigurationList = C7482C19218AC6C700657F8E /* Build configuration list for PBXNativeTarget "Giffy Keyboard" */;
			buildPhases = (
				C7482C0D218AC6C600657F8E /* Sources */,
				C7482C0E218AC6C600657F8E /* Frameworks */,
				C7482C0F218AC6C600657F8E /* Resources */,
			);
			buildRules = (
			);
			dependencies = (
			);
			name = "Giffy Keyboard";
			productName = "Giffy Keyboard";
			productReference = C7482C11218AC6C600657F8E /* Giffy Keyboard.appex */;
			productType = "com.apple.product-type.app-extension";
		};
/* End PBXNativeTarget section */

/* Begin PBXProject section */
		C7482BF0218AC67900657F8E /* Project object */ = {
			isa = PBXProject;
			attributes = {
				LastSwiftUpdateCheck = 1000;
				LastUpgradeCheck = 1000;
				ORGANIZATIONNAME = "Nisha ";
				TargetAttributes = {
					C7482BF7218AC67900657F8E = {
						CreatedOnToolsVersion = 10.0;
					};
					C7482C10218AC6C600657F8E = {
						CreatedOnToolsVersion = 10.0;
					};
				};
			};
			buildConfigurationList = C7482BF3218AC67900657F8E /* Build configuration list for PBXProject "CustomKeyboard" */;
			compatibilityVersion = "Xcode 9.3";
			developmentRegion = en;
			hasScannedForEncodings = 0;
			knownRegions = (
				en,
				Base,
			);
			mainGroup = C7482BEF218AC67900657F8E;
			productRefGroup = C7482BF9218AC67900657F8E /* Products */;
			projectDirPath = "";
			projectRoot = "";
			targets = (
				C7482BF7218AC67900657F8E /* CustomKeyboard */,
				C7482C10218AC6C600657F8E /* Giffy Keyboard */,
			);
		};
/* End PBXProject section */

/* Begin PBXResourcesBuildPhase section */
		C7482BF6218AC67900657F8E /* Resources */ = {
			isa = PBXResourcesBuildPhase;
			buildActionMask = 2147483647;
			files = (
				C7482C06218AC67A00657F8E /* LaunchScreen.storyboard in Resources */,
				C7482C03218AC67A00657F8E /* Assets.xcassets in Resources */,
				C7482C01218AC67900657F8E /* Main.storyboard in Resources */,
			);
			runOnlyForDeploymentPostprocessing = 0;
		};
		C7482C0F218AC6C600657F8E /* Resources */ = {
			isa = PBXResourcesBuildPhase;
			buildActionMask = 2147483647;
			files = (
				C7D0E4D1218ACA7000708C2C /* KeyboardView.xib in Resources */,
			);
			runOnlyForDeploymentPostprocessing = 0;
		};
/* End PBXResourcesBuildPhase section */

/* Begin PBXSourcesBuildPhase section */
		C7482BF4218AC67900657F8E /* Sources */ = {
			isa = PBXSourcesBuildPhase;
			buildActionMask = 2147483647;
			files = (
				C7482BFE218AC67900657F8E /* ViewController.swift in Sources */,
				C7482BFC218AC67900657F8E /* AppDelegate.swift in Sources */,
			);
			runOnlyForDeploymentPostprocessing = 0;
		};
		C7482C0D218AC6C600657F8E /* Sources */ = {
			isa = PBXSourcesBuildPhase;
			buildActionMask = 2147483647;
			files = (
				C7482C14218AC6C600657F8E /* KeyboardViewController.swift in Sources */,
			);
			runOnlyForDeploymentPostprocessing = 0;
		};
/* End PBXSourcesBuildPhase section */

/* Begin PBXTargetDependency section */
		C7482C17218AC6C600657F8E /* PBXTargetDependency */ = {
			isa = PBXTargetDependency;
			target = C7482C10218AC6C600657F8E /* Giffy Keyboard */;
			targetProxy = C7482C16218AC6C600657F8E /* PBXContainerItemProxy */;
		};
/* End PBXTargetDependency section */

/* Begin PBXVariantGroup section */
		C7482BFF218AC67900657F8E /* Main.storyboard */ = {
			isa = PBXVariantGroup;
			children = (
				C7482C00218AC67900657F8E /* Base */,
			);
			name = Main.storyboard;
			sourceTree = "<group>";
		};
		C7482C04218AC67A00657F8E /* LaunchScreen.storyboard */ = {
			isa = PBXVariantGroup;
			children = (
				C7482C05218AC67A00657F8E /* Base */,
			);
			name = LaunchScreen.storyboard;
			sourceTree = "<group>";
		};
/* End PBXVariantGroup section */

/* Begin XCBuildConfiguration section */
		C7482C08218AC67A00657F8E /* Debug */ = {
			isa = XCBuildConfiguration;
			buildSettings = {
				ALWAYS_SEARCH_USER_PATHS = NO;
				CLANG_ANALYZER_NONNULL = YES;
				CLANG_ANALYZER_NUMBER_OBJECT_CONVERSION = YES_AGGRESSIVE;
				CLANG_CXX_LANGUAGE_STANDARD = "gnu++14";
				CLANG_CXX_LIBRARY = "libc++";
				CLANG_ENABLE_MODULES = YES;
				CLANG_ENABLE_OBJC_ARC = YES;
				CLANG_ENABLE_OBJC_WEAK = YES;
				CLANG_WARN_BLOCK_CAPTURE_AUTORELEASING = YES;
				CLANG_WARN_BOOL_CONVERSION = YES;
				CLANG_WARN_COMMA = YES;
				CLANG_WARN_CONSTANT_CONVERSION = YES;
				CLANG_WARN_DEPRECATED_OBJC_IMPLEMENTATIONS = YES;
				CLANG_WARN_DIRECT_OBJC_ISA_USAGE = YES_ERROR;
				CLANG_WARN_DOCUMENTATION_COMMENTS = YES;
				CLANG_WARN_EMPTY_BODY = YES;
				CLANG_WARN_ENUM_CONVERSION = YES;
				CLANG_WARN_INFINITE_RECURSION = YES;
				CLANG_WARN_INT_CONVERSION = YES;
				CLANG_WARN_NON_LITERAL_NULL_CONVERSION = YES;
				CLANG_WARN_OBJC_IMPLICIT_RETAIN_SELF = YES;
				CLANG_WARN_OBJC_LITERAL_CONVERSION = YES;
				CLANG_WARN_OBJC_ROOT_CLASS = YES_ERROR;
				CLANG_WARN_RANGE_LOOP_ANALYSIS = YES;
				CLANG_WARN_STRICT_PROTOTYPES = YES;
				CLANG_WARN_SUSPICIOUS_MOVE = YES;
				CLANG_WARN_UNGUARDED_AVAILABILITY = YES_AGGRESSIVE;
				CLANG_WARN_UNREACHABLE_CODE = YES;
				CLANG_WARN__DUPLICATE_METHOD_MATCH = YES;
				CODE_SIGN_IDENTITY = "iPhone Developer";
				COPY_PHASE_STRIP = NO;
				DEBUG_INFORMATION_FORMAT = dwarf;
				ENABLE_STRICT_OBJC_MSGSEND = YES;
				ENABLE_TESTABILITY = YES;
				GCC_C_LANGUAGE_STANDARD = gnu11;
				GCC_DYNAMIC_NO_PIC = NO;
				GCC_NO_COMMON_BLOCKS = YES;
				GCC_OPTIMIZATION_LEVEL = 0;
				GCC_PREPROCESSOR_DEFINITIONS = (
					"DEBUG=1",
					"$(inherited)",
				);
				GCC_WARN_64_TO_32_BIT_CONVERSION = YES;
				GCC_WARN_ABOUT_RETURN_TYPE = YES_ERROR;
				GCC_WARN_UNDECLARED_SELECTOR = YES;
				GCC_WARN_UNINITIALIZED_AUTOS = YES_AGGRESSIVE;
				GCC_WARN_UNUSED_FUNCTION = YES;
				GCC_WARN_UNUSED_VARIABLE = YES;
				IPHONEOS_DEPLOYMENT_TARGET = 11.0;
				MTL_ENABLE_DEBUG_INFO = INCLUDE_SOURCE;
				MTL_FAST_MATH = YES;
				ONLY_ACTIVE_ARCH = YES;
				SDKROOT = iphoneos;
				SWIFT_ACTIVE_COMPILATION_CONDITIONS = DEBUG;
				SWIFT_OPTIMIZATION_LEVEL = "-Onone";
			};
			name = Debug;
		};
		C7482C09218AC67A00657F8E /* Release */ = {
			isa = XCBuildConfiguration;
			buildSettings = {
				ALWAYS_SEARCH_USER_PATHS = NO;
				CLANG_ANALYZER_NONNULL = YES;
				CLANG_ANALYZER_NUMBER_OBJECT_CONVERSION = YES_AGGRESSIVE;
				CLANG_CXX_LANGUAGE_STANDARD = "gnu++14";
				CLANG_CXX_LIBRARY = "libc++";
				CLANG_ENABLE_MODULES = YES;
				CLANG_ENABLE_OBJC_ARC = YES;
				CLANG_ENABLE_OBJC_WEAK = YES;
				CLANG_WARN_BLOCK_CAPTURE_AUTORELEASING = YES;
				CLANG_WARN_BOOL_CONVERSION = YES;
				CLANG_WARN_COMMA = YES;
				CLANG_WARN_CONSTANT_CONVERSION = YES;
				CLANG_WARN_DEPRECATED_OBJC_IMPLEMENTATIONS = YES;
				CLANG_WARN_DIRECT_OBJC_ISA_USAGE = YES_ERROR;
				CLANG_WARN_DOCUMENTATION_COMMENTS = YES;
				CLANG_WARN_EMPTY_BODY = YES;
				CLANG_WARN_ENUM_CONVERSION = YES;
				CLANG_WARN_INFINITE_RECURSION = YES;
				CLANG_WARN_INT_CONVERSION = YES;
				CLANG_WARN_NON_LITERAL_NULL_CONVERSION = YES;
				CLANG_WARN_OBJC_IMPLICIT_RETAIN_SELF = YES;
				CLANG_WARN_OBJC_LITERAL_CONVERSION = YES;
				CLANG_WARN_OBJC_ROOT_CLASS = YES_ERROR;
				CLANG_WARN_RANGE_LOOP_ANALYSIS = YES;
				CLANG_WARN_STRICT_PROTOTYPES = YES;
				CLANG_WARN_SUSPICIOUS_MOVE = YES;
				CLANG_WARN_UNGUARDED_AVAILABILITY = YES_AGGRESSIVE;
				CLANG_WARN_UNREACHABLE_CODE = YES;
				CLANG_WARN__DUPLICATE_METHOD_MATCH = YES;
				CODE_SIGN_IDENTITY = "iPhone Developer";
				COPY_PHASE_STRIP = NO;
				DEBUG_INFORMATION_FORMAT = "dwarf-with-dsym";
				ENABLE_NS_ASSERTIONS = NO;
				ENABLE_STRICT_OBJC_MSGSEND = YES;
				GCC_C_LANGUAGE_STANDARD = gnu11;
				GCC_NO_COMMON_BLOCKS = YES;
				GCC_WARN_64_TO_32_BIT_CONVERSION = YES;
				GCC_WARN_ABOUT_RETURN_TYPE = YES_ERROR;
				GCC_WARN_UNDECLARED_SELECTOR = YES;
				GCC_WARN_UNINITIALIZED_AUTOS = YES_AGGRESSIVE;
				GCC_WARN_UNUSED_FUNCTION = YES;
				GCC_WARN_UNUSED_VARIABLE = YES;
				IPHONEOS_DEPLOYMENT_TARGET = 11.0;
				MTL_ENABLE_DEBUG_INFO = NO;
				MTL_FAST_MATH = YES;
				SDKROOT = iphoneos;
				SWIFT_COMPILATION_MODE = wholemodule;
				SWIFT_OPTIMIZATION_LEVEL = "-O";
				VALIDATE_PRODUCT = YES;
			};
			name = Release;
		};
		C7482C0B218AC67A00657F8E /* Debug */ = {
			isa = XCBuildConfiguration;
			buildSettings = {
				ALWAYS_EMBED_SWIFT_STANDARD_LIBRARIES = YES;
				ASSETCATALOG_COMPILER_APPICON_NAME = AppIcon;
				CODE_SIGN_STYLE = Automatic;
				DEVELOPMENT_TEAM = UC443WA689;
				INFOPLIST_FILE = CustomKeyboard/Info.plist;
				LD_RUNPATH_SEARCH_PATHS = (
					"$(inherited)",
					"@executable_path/Frameworks",
				);
				PRODUCT_BUNDLE_IDENTIFIER = com.first.CustomKeyboard;
				PRODUCT_NAME = "$(TARGET_NAME)";
				SWIFT_VERSION = 4.2;
				TARGETED_DEVICE_FAMILY = "1,2";
			};
			name = Debug;
		};
		C7482C0C218AC67A00657F8E /* Release */ = {
			isa = XCBuildConfiguration;
			buildSettings = {
				ALWAYS_EMBED_SWIFT_STANDARD_LIBRARIES = YES;
				ASSETCATALOG_COMPILER_APPICON_NAME = AppIcon;
				CODE_SIGN_STYLE = Automatic;
				DEVELOPMENT_TEAM = UC443WA689;
				INFOPLIST_FILE = CustomKeyboard/Info.plist;
				LD_RUNPATH_SEARCH_PATHS = (
					"$(inherited)",
					"@executable_path/Frameworks",
				);
				PRODUCT_BUNDLE_IDENTIFIER = com.first.CustomKeyboard;
				PRODUCT_NAME = "$(TARGET_NAME)";
				SWIFT_VERSION = 4.2;
				TARGETED_DEVICE_FAMILY = "1,2";
			};
			name = Release;
		};
		C7482C1A218AC6C700657F8E /* Debug */ = {
			isa = XCBuildConfiguration;
			buildSettings = {
				CODE_SIGN_STYLE = Automatic;
				DEVELOPMENT_TEAM = UC443WA689;
				INFOPLIST_FILE = "Giffy Keyboard/Info.plist";
				IPHONEOS_DEPLOYMENT_TARGET = 11.0;
				LD_RUNPATH_SEARCH_PATHS = (
					"$(inherited)",
					"@executable_path/Frameworks",
					"@executable_path/../../Frameworks",
				);
				PRODUCT_BUNDLE_IDENTIFIER = "com.first.CustomKeyboard.Giffy-Keyboard";
				PRODUCT_NAME = "$(TARGET_NAME)";
				SKIP_INSTALL = YES;
				SWIFT_VERSION = 4.2;
				TARGETED_DEVICE_FAMILY = "1,2";
			};
			name = Debug;
		};
		C7482C1B218AC6C700657F8E /* Release */ = {
			isa = XCBuildConfiguration;
			buildSettings = {
				CODE_SIGN_STYLE = Automatic;
				DEVELOPMENT_TEAM = UC443WA689;
				INFOPLIST_FILE = "Giffy Keyboard/Info.plist";
				IPHONEOS_DEPLOYMENT_TARGET = 11.0;
				LD_RUNPATH_SEARCH_PATHS = (
					"$(inherited)",
					"@executable_path/Frameworks",
					"@executable_path/../../Frameworks",
				);
				PRODUCT_BUNDLE_IDENTIFIER = "com.first.CustomKeyboard.Giffy-Keyboard";
				PRODUCT_NAME = "$(TARGET_NAME)";
				SKIP_INSTALL = YES;
				SWIFT_VERSION = 4.2;
				TARGETED_DEVICE_FAMILY = "1,2";
			};
			name = Release;
		};
/* End XCBuildConfiguration section */

/* Begin XCConfigurationList section */
		C7482BF3218AC67900657F8E /* Build configuration list for PBXProject "CustomKeyboard" */ = {
			isa = XCConfigurationList;
			buildConfigurations = (
				C7482C08218AC67A00657F8E /* Debug */,
				C7482C09218AC67A00657F8E /* Release */,
			);
			defaultConfigurationIsVisible = 0;
			defaultConfigurationName = Release;
		};
		C7482C0A218AC67A00657F8E /* Build configuration list for PBXNativeTarget "CustomKeyboard" */ = {
			isa = XCConfigurationList;
			buildConfigurations = (
				C7482C0B218AC67A00657F8E /* Debug */,
				C7482C0C218AC67A00657F8E /* Release */,
			);
			defaultConfigurationIsVisible = 0;
			defaultConfigurationName = Release;
		};
		C7482C19218AC6C700657F8E /* Build configuration list for PBXNativeTarget "Giffy Keyboard" */ = {
			isa = XCConfigurationList;
			buildConfigurations = (
				C7482C1A218AC6C700657F8E /* Debug */,
				C7482C1B218AC6C700657F8E /* Release */,
			);
			defaultConfigurationIsVisible = 0;
			defaultConfigurationName = Release;
		};
/* End XCConfigurationList section */
	};
	rootObject = C7482BF0218AC67900657F8E /* Project object */;
}
